github.com/drummonds/gotreesitter v0.5.3 h1:2UUHejnmqkA3nQxBGlCwSGlkzC4hLjVXRmKkhoCNNog=
github.com/drummonds/gotreesitter v0.5.3/go.mod h1:M++B9cQI0dFwaD6J17UQFNO23BrP9lH2HD4NhY7NofU=
github.com/drummonds/gotreesitter v0.5.4 h1:Oe+C+YxVkCVm5K7r2mDRqDFwQEmSzgHKj1TrgnHc1cs=
github.com/drummonds/gotreesitter v0.5.4/go.mod h1:M++B9cQI0dFwaD6J17UQFNO23BrP9lH2HD4NhY7NofU=
